
Microsoft Visual Studio Solution File, Format Version 12.00
# Visual Studio Version 17
VisualStudioVersion = 17.5.33424.131
MinimumVisualStudioVersion = 10.0.40219.1
Project("{FAE04EC0-301F-11D3-BF4B-00C04F79EFBC}") = "CoffeeShopManage", "CoffeeShopManage\CoffeeShopManage.csproj", "{CBF2CF54-E74B-4E29-A03E-B4CF6227F1C3}"
EndProject
Project("{FAE04EC0-301F-11D3-BF4B-00C04F79EFBC}") = "Models", "Models\Models.csproj", "{389347CA-24F9-4C1E-9BE8-B7C3924F8AB2}"
EndProject
Project("{FAE04EC0-301F-11D3-BF4B-00C04F79EFBC}") = "Controllers", "Controllers\Controllers.csproj", "{EAC3A2D4-C3C4-4A85-A03C-2F23EA0B00F8}"
EndProject
Global
	GlobalSection(SolutionConfigurationPlatforms) = preSolution
		Debug|Any CPU = Debug|Any CPU
		Release|Any CPU = Release|Any CPU
	EndGlobalSection
	GlobalSection(ProjectConfigurationPlatforms) = postSolution
		{CBF2CF54-E74B-4E29-A03E-B4CF6227F1C3}.Debug|Any CPU.ActiveCfg = Debug|Any CPU
		{CBF2CF54-E74B-4E29-A03E-B4CF6227F1C3}.Debug|Any CPU.Build.0 = Debug|Any CPU
		{CBF2CF54-E74B-4E29-A03E-B4CF6227F1C3}.Release|Any CPU.ActiveCfg = Release|Any CPU
		{CBF2CF54-E74B-4E29-A03E-B4CF6227F1C3}.Release|Any CPU.Build.0 = Release|Any CPU
		{389347CA-24F9-4C1E-9BE8-B7C3924F8AB2}.Debug|Any CPU.ActiveCfg = Debug|Any CPU
		{389347CA-24F9-4C1E-9BE8-B7C3924F8AB2}.Debug|Any CPU.Build.0 = Debug|Any CPU
		{389347CA-24F9-4C1E-9BE8-B7C3924F8AB2}.Release|Any CPU.ActiveCfg = Release|Any CPU
		{389347CA-24F9-4C1E-9BE8-B7C3924F8AB2}.Release|Any CPU.Build.0 = Release|Any CPU
		{EAC3A2D4-C3C4-4A85-A03C-2F23EA0B00F8}.Debug|Any CPU.ActiveCfg = Debug|Any CPU
		{EAC3A2D4-C3C4-4A85-A03C-2F23EA0B00F8}.Debug|Any CPU.Build.0 = Debug|Any CPU
		{EAC3A2D4-C3C4-4A85-A03C-2F23EA0B00F8}.Release|Any CPU.ActiveCfg = Release|Any CPU
		{EAC3A2D4-C3C4-4A85-A03C-2F23EA0B00F8}.Release|Any CPU.Build.0 = Release|Any CPU
	EndGlobalSection
	GlobalSection(SolutionProperties) = preSolution
		HideSolutionNode = FALSE
	EndGlobalSection
	GlobalSection(ExtensibilityGlobals) = postSolution
		SolutionGuid = {2867ECFF-3B38-41AB-90CA-6755E8ECD5BA}
	EndGlobalSection
EndGlobal
